{
  "name": "@audio/measure",
  "version": "1.1.2",
  "lockfileVersion": 3,
  "requires": true,
  "packages": {
    "": {
      "name": "@audio/measure",
      "version": "1.1.2",
      "license": "MIT",
      "workspaces": [
        "packages/*"
      ],
      "dependencies": {
        "@audio/measure-align": "^1.0.0",
        "@audio/measure-ir": "^1.0.0",
        "@audio/measure-latency": "^1.0.0",
        "@audio/measure-response": "^1.0.0",
        "@audio/quality": "^1.0.0"
      },
      "devDependencies": {
        "@audio/synth-chirp": "^1.0.0",
        "tst": "^9.4.0"
      },
      "engines": {
        "node": ">=18"
      },
      "funding": {
        "url": "https://github.com/sponsors/audiojs"
      }
    },
    "node_modules/@audio/measure-align": {
      "resolved": "packages/measure-align",
      "link": true
    },
    "node_modules/@audio/measure-ir": {
      "resolved": "packages/measure-ir",
      "link": true
    },
    "node_modules/@audio/measure-latency": {
      "resolved": "packages/measure-latency",
      "link": true
    },
    "node_modules/@audio/measure-response": {
      "resolved": "packages/measure-response",
      "link": true
    },
    "node_modules/@audio/quality": {
      "resolved": "packages/quality",
      "link": true
    },
    "node_modules/@audio/synth-chirp": {
      "version": "1.1.2",
      "resolved": "https://registry.npmjs.org/@audio/synth-chirp/-/synth-chirp-1.1.2.tgz",
      "integrity": "sha512-VO5QGtbS25qa7QmGPKv17Okn97x1+AtdCa5BkDiw0ZrcYooxGob85DKGfQg3RXBmPEykJGA5JONpAOXIPBHI5w==",
      "dev": true,
      "license": "MIT",
      "engines": {
        "node": ">=18"
      }
    },
    "node_modules/fourier-transform": {
      "version": "2.4.0",
      "resolved": "https://registry.npmjs.org/fourier-transform/-/fourier-transform-2.4.0.tgz",
      "integrity": "sha512-B7pQ7faDJGPJcFy08OtSlbr5wkMr9eVDZOHg8q2wBDCVOpVrO5+lTcPGobx+XxdG3G9vAV57jehcChaAqrDlew==",
      "license": "MIT"
    },
    "node_modules/tst": {
      "version": "9.4.0",
      "resolved": "https://registry.npmjs.org/tst/-/tst-9.4.0.tgz",
      "integrity": "sha512-LFC1yasMqhvL9hBJdA07nozlfS1RGy/7uiBCwRZcQH9zB4+n7XpxwYszzK//WQ2JVOLAUgU3d8ABEcrFLZE0vg==",
      "dev": true,
      "license": "MIT"
    },
    "packages/measure-align": {
      "name": "@audio/measure-align",
      "version": "1.0.1",
      "license": "MIT",
      "dependencies": {
        "@audio/measure-ir": "^1.0.0"
      },
      "engines": {
        "node": ">=18"
      },
      "funding": {
        "url": "https://github.com/sponsors/audiojs"
      }
    },
    "packages/measure-ir": {
      "name": "@audio/measure-ir",
      "version": "1.0.1",
      "license": "MIT",
      "dependencies": {
        "fourier-transform": "^2.2.0"
      },
      "engines": {
        "node": ">=18"
      },
      "funding": {
        "url": "https://github.com/sponsors/audiojs"
      }
    },
    "packages/measure-latency": {
      "name": "@audio/measure-latency",
      "version": "1.0.1",
      "license": "MIT",
      "dependencies": {
        "@audio/measure-ir": "^1.0.0"
      },
      "engines": {
        "node": ">=18"
      },
      "funding": {
        "url": "https://github.com/sponsors/audiojs"
      }
    },
    "packages/measure-response": {
      "name": "@audio/measure-response",
      "version": "1.0.1",
      "license": "MIT",
      "dependencies": {
        "fourier-transform": "^2.2.0"
      },
      "engines": {
        "node": ">=18"
      },
      "funding": {
        "url": "https://github.com/sponsors/audiojs"
      }
    },
    "packages/quality": {
      "name": "@audio/quality",
      "version": "1.0.1",
      "license": "MIT",
      "dependencies": {
        "fourier-transform": "^2.2.0"
      },
      "engines": {
        "node": ">=18"
      },
      "funding": {
        "url": "https://github.com/sponsors/audiojs"
      }
    }
  }
}
