{
  "name": "@audio/measure",
  "version": "1.1.3",
  "lockfileVersion": 3,
  "requires": true,
  "packages": {
    "": {
      "name": "@audio/measure",
      "version": "1.1.3",
      "license": "MIT",
      "workspaces": [
        "packages/*"
      ],
      "dependencies": {
        "@audio/measure-align": "^1.0.0",
        "@audio/measure-correct": "^0.1.0",
        "@audio/measure-ir": "^1.0.0",
        "@audio/measure-latency": "^1.0.0",
        "@audio/measure-lossy": "^0.1.0",
        "@audio/measure-response": "^1.0.0",
        "@audio/quality": "^1.0.0"
      },
      "devDependencies": {
        "@audio/synth-chirp": "^1.0.0",
        "tst": "^9.4.0"
      },
      "engines": {
        "node": ">=18"
      },
      "funding": {
        "url": "https://github.com/sponsors/audiojs"
      }
    },
    "node_modules/@audio/biquad": {
      "version": "1.2.1",
      "resolved": "https://registry.npmjs.org/@audio/biquad/-/biquad-1.2.1.tgz",
      "integrity": "sha512-VgTZPE/dcp379GhwFSvko/+OBDmZyTw+aPB7hPjblDWRWWEWda38eATObEzRJvHYGlICe/kohgTRxRCxNUB2CQ==",
      "license": "MIT",
      "engines": {
        "node": ">=18"
      },
      "funding": {
        "url": "https://github.com/sponsors/audiojs"
      }
    },
    "node_modules/@audio/decode": {
      "version": "3.14.1",
      "resolved": "https://registry.npmjs.org/@audio/decode/-/decode-3.14.1.tgz",
      "integrity": "sha512-srSSkGlfMV58bGd/i5aPrMGvFGWovk9VcaqjUbxyoshThiqHCp9Vj+zwBtImc5quKkTSyrzXNO6w0x44Lam+pg==",
      "dev": true,
      "license": "MIT",
      "workspaces": [
        "packages/*"
      ],
      "dependencies": {
        "@audio/decode-aac": "^1.5.0",
        "@audio/decode-ac3": "^1.0.0",
        "@audio/decode-aiff": "^1.3.0",
        "@audio/decode-amr": "^1.3.0",
        "@audio/decode-avi": "^1.1.0",
        "@audio/decode-caf": "^1.4.0",
        "@audio/decode-dts": "^1.0.0",
        "@audio/decode-flac": "^1.3.0",
        "@audio/decode-mp3": "^1.3.0",
        "@audio/decode-mp4": "^1.1.0",
        "@audio/decode-opus": "^1.3.0",
        "@audio/decode-qoa": "^1.2.0",
        "@audio/decode-vorbis": "^1.3.0",
        "@audio/decode-wav": "^1.5.0",
        "@audio/decode-webm": "^1.6.0",
        "@audio/decode-wma": "^1.3.0",
        "audio-type": "^2.6.0"
      },
      "engines": {
        "node": ">=18"
      },
      "funding": {
        "url": "https://github.com/sponsors/audiojs"
      }
    },
    "node_modules/@audio/decode-aac": {
      "version": "1.5.0",
      "resolved": "https://registry.npmjs.org/@audio/decode-aac/-/decode-aac-1.5.0.tgz",
      "integrity": "sha512-MMFWCdBvhsa0K4wUsO1Aqe/YKOWHmoI53HjCXRH8lCnukPRLZZ1dRLK5RHMvFq0YleFyMW3a5cT7rKtHTxNEzg==",
      "dev": true,
      "license": "GPL-2.0",
      "engines": {
        "node": ">=18"
      },
      "funding": {
        "url": "https://github.com/sponsors/audiojs"
      }
    },
    "node_modules/@audio/decode-ac3": {
      "version": "1.0.0",
      "resolved": "https://registry.npmjs.org/@audio/decode-ac3/-/decode-ac3-1.0.0.tgz",
      "integrity": "sha512-GR2PLqxxrybNRwdA3/ZazB4ZWz7yQNihYtjuigGfEpSqKt95FnUgjIVfE7aJmznvxa6voq8Mou6NvSoTqH104g==",
      "dev": true,
      "license": "GPL-2.0-or-later",
      "engines": {
        "node": ">=18"
      },
      "funding": {
        "url": "https://github.com/sponsors/audiojs"
      }
    },
    "node_modules/@audio/decode-aiff": {
      "version": "1.3.0",
      "resolved": "https://registry.npmjs.org/@audio/decode-aiff/-/decode-aiff-1.3.0.tgz",
      "integrity": "sha512-GgCNYZMmma5Xol8lxqDZQ7qFYsIpfWn8LXKPZ8ZR6IaVOs1O+nCge/Bli1tNZSEucgG6mWh4Jvw+/XL6eXbwWw==",
      "dev": true,
      "license": "MIT",
      "engines": {
        "node": ">=18"
      },
      "funding": {
        "url": "https://github.com/sponsors/audiojs"
      }
    },
    "node_modules/@audio/decode-amr": {
      "version": "1.3.1",
      "resolved": "https://registry.npmjs.org/@audio/decode-amr/-/decode-amr-1.3.1.tgz",
      "integrity": "sha512-rYwY8HpmAwptaQDeNAoccbzbcYteHmL4s+KWVW8Y+NgJugQFhApsFeqs0ljVmuI2TvOmZRivMJwvg6++MdsUaA==",
      "dev": true,
      "license": "Apache-2.0",
      "engines": {
        "node": ">=18"
      },
      "funding": {
        "url": "https://github.com/sponsors/audiojs"
      }
    },
    "node_modules/@audio/decode-avi": {
      "version": "1.1.0",
      "resolved": "https://registry.npmjs.org/@audio/decode-avi/-/decode-avi-1.1.0.tgz",
      "integrity": "sha512-/EczjSR5RG1ZfRZ3aJy1XD82/g54wfqpq+CCo3tooiEvumGpAhUSmAMnQtdJrmE1cY+iximJYwpvjQhJKNDmdg==",
      "dev": true,
      "license": "MIT",
      "dependencies": {
        "@audio/decode-aac": "^1.5.0",
        "@audio/decode-ac3": "^1.0.0",
        "@audio/decode-dts": "^1.0.0",
        "@audio/decode-mp3": "^1.3.0"
      },
      "engines": {
        "node": ">=18"
      },
      "funding": {
        "url": "https://github.com/sponsors/audiojs"
      }
    },
    "node_modules/@audio/decode-caf": {
      "version": "1.4.0",
      "resolved": "https://registry.npmjs.org/@audio/decode-caf/-/decode-caf-1.4.0.tgz",
      "integrity": "sha512-pNhc7gX+HSzbaRD8x4P77aE8+08EfC2+TREjVDCgke2aguEPAAKh4sbzgL0IGx34ghUX6BNJPkDutAB8HaC9vw==",
      "dev": true,
      "license": "MIT",
      "engines": {
        "node": ">=18"
      },
      "funding": {
        "url": "https://github.com/sponsors/audiojs"
      }
    },
    "node_modules/@audio/decode-dts": {
      "version": "1.0.0",
      "resolved": "https://registry.npmjs.org/@audio/decode-dts/-/decode-dts-1.0.0.tgz",
      "integrity": "sha512-WApeOndo8C+3IzncPFg7vwRm9/ZbWjCzB93mx86en/+4/IWpUVz0W/wRINzg5gKGQa23xz5ZwGMGNC0X7i8nJw==",
      "dev": true,
      "license": "GPL-2.0-or-later",
      "engines": {
        "node": ">=18"
      },
      "funding": {
        "url": "https://github.com/sponsors/audiojs"
      }
    },
    "node_modules/@audio/decode-flac": {
      "version": "1.3.3",
      "resolved": "https://registry.npmjs.org/@audio/decode-flac/-/decode-flac-1.3.3.tgz",
      "integrity": "sha512-1Kp279VMMRa9C0VdYtspj8BknXqaKsde5WJGRwar+ybLf6hnYn1kjsbMu0fvnZtJZk7XmQKb93Ye87REXlMwmg==",
      "dev": true,
      "license": "MIT",
      "dependencies": {
        "@wasm-audio-decoders/flac": "~0.2.10",
        "codec-parser": "~2.5.0"
      },
      "engines": {
        "node": ">=18"
      },
      "funding": {
        "url": "https://github.com/sponsors/audiojs"
      }
    },
    "node_modules/@audio/decode-mp3": {
      "version": "1.3.1",
      "resolved": "https://registry.npmjs.org/@audio/decode-mp3/-/decode-mp3-1.3.1.tgz",
      "integrity": "sha512-GhGm6C2hwngU+t5uEpUc94jZGCrCIXrgfneDURfK9/2tgFAWHVeckFNsSRmL4+Vd7u32uv8wQamjTnBSlrkVGA==",
      "dev": true,
      "license": "MIT",
      "dependencies": {
        "mpg123-decoder": "^1.0.3"
      },
      "engines": {
        "node": ">=18"
      },
      "funding": {
        "url": "https://github.com/sponsors/audiojs"
      }
    },
    "node_modules/@audio/decode-mp4": {
      "version": "1.1.0",
      "resolved": "https://registry.npmjs.org/@audio/decode-mp4/-/decode-mp4-1.1.0.tgz",
      "integrity": "sha512-zCopwi2ypL9JtM9PwE+r8viDbQfpcJu5Fq7rKdqhxhmsC4ZaLnjqpXwYwAYaMVaB/XAMzZXDzLJjpFuMA1FSvw==",
      "dev": true,
      "license": "MIT",
      "dependencies": {
        "@audio/decode-aac": "^1.5.0",
        "@audio/decode-ac3": "^1.0.0",
        "@audio/decode-amr": "^1.3.0",
        "@audio/decode-dts": "^1.0.0",
        "@audio/decode-flac": "^1.3.0",
        "@audio/decode-mp3": "^1.3.0",
        "@audio/decode-opus": "^1.3.0"
      },
      "engines": {
        "node": ">=18"
      },
      "funding": {
        "url": "https://github.com/sponsors/audiojs"
      }
    },
    "node_modules/@audio/decode-opus": {
      "version": "1.3.1",
      "resolved": "https://registry.npmjs.org/@audio/decode-opus/-/decode-opus-1.3.1.tgz",
      "integrity": "sha512-DUjHfzqVCPSM4Pt7h/Ua6rjve69weU0pgLS5Oso/o+HA+GdTOXVhAnN6BAOUv09dZKN7nqVt7L3owdYcjXyyYQ==",
      "dev": true,
      "license": "MIT",
      "dependencies": {
        "codec-parser": "~2.5.0"
      },
      "engines": {
        "node": ">=18"
      },
      "funding": {
        "url": "https://github.com/sponsors/audiojs"
      }
    },
    "node_modules/@audio/decode-qoa": {
      "version": "1.2.0",
      "resolved": "https://registry.npmjs.org/@audio/decode-qoa/-/decode-qoa-1.2.0.tgz",
      "integrity": "sha512-GjbAUXzvW9PnjkgTi42Z8+rUwC5D4QkaDNgFWHzBUIhF6E4LRcHW3T3mtJVUqE1rRRyjIGmnH4dL6y3LgcEzVQ==",
      "dev": true,
      "license": "MIT",
      "dependencies": {
        "qoa-format": "^1.0.1"
      },
      "engines": {
        "node": ">=18"
      },
      "funding": {
        "url": "https://github.com/sponsors/audiojs"
      }
    },
    "node_modules/@audio/decode-vorbis": {
      "version": "1.3.2",
      "resolved": "https://registry.npmjs.org/@audio/decode-vorbis/-/decode-vorbis-1.3.2.tgz",
      "integrity": "sha512-UF2kbP07OV0HAuKu9rZEJIq6g7kaZjHHPOavs5TNwMW6s2bVZSbvof+zTev3s8pcqeYDtpQGpX3qhKpPK3HOWA==",
      "dev": true,
      "license": "MIT",
      "dependencies": {
        "@wasm-audio-decoders/ogg-vorbis": "~0.1.20",
        "codec-parser": "~2.5.0"
      },
      "engines": {
        "node": ">=18"
      },
      "funding": {
        "url": "https://github.com/sponsors/audiojs"
      }
    },
    "node_modules/@audio/decode-wav": {
      "version": "1.5.0",
      "resolved": "https://registry.npmjs.org/@audio/decode-wav/-/decode-wav-1.5.0.tgz",
      "integrity": "sha512-gxCPRF9A/nBwdnMCJ4N5tDaLBWlfZaNKWbsqDZTMt7A5gN7w+a7HGikiN1dInAb5L0bcj6ByQuU1acfL7p5pcA==",
      "dev": true,
      "license": "MIT",
      "engines": {
        "node": ">=18"
      },
      "funding": {
        "url": "https://github.com/sponsors/audiojs"
      }
    },
    "node_modules/@audio/decode-webm": {
      "version": "1.6.0",
      "resolved": "https://registry.npmjs.org/@audio/decode-webm/-/decode-webm-1.6.0.tgz",
      "integrity": "sha512-JsAaMxGFBXXf2q3ubaRS3QjpatH0U9B7Bc0QtuRuHLeg5z1pebSm/yipcVWnOsKiAoCrNvScSs5pmSLQaOpQAw==",
      "dev": true,
      "license": "MIT",
      "dependencies": {
        "@audio/decode-aac": "^1.5.0",
        "@audio/decode-ac3": "^1.0.0",
        "@audio/decode-dts": "^1.0.0",
        "@audio/decode-flac": "^1.3.0",
        "@audio/decode-mp3": "^1.3.0",
        "@audio/decode-opus": "^1.3.0",
        "@audio/decode-vorbis": "^1.3.0"
      },
      "engines": {
        "node": ">=18"
      },
      "funding": {
        "url": "https://github.com/sponsors/audiojs"
      }
    },
    "node_modules/@audio/decode-wma": {
      "version": "1.3.1",
      "resolved": "https://registry.npmjs.org/@audio/decode-wma/-/decode-wma-1.3.1.tgz",
      "integrity": "sha512-8lCzy2C4HQ+CuiCnSLH8MfyNiPwQEfH4PBwq0iWovtrwoQfwIfgZnXj9NBXku3bvSpVnmSboPQjk1Ku4Nka+PA==",
      "dev": true,
      "license": "GPL-2.0-or-later",
      "engines": {
        "node": ">=18"
      },
      "funding": {
        "url": "https://github.com/sponsors/audiojs"
      }
    },
    "node_modules/@audio/encode-mp3": {
      "version": "1.2.2",
      "resolved": "https://registry.npmjs.org/@audio/encode-mp3/-/encode-mp3-1.2.2.tgz",
      "integrity": "sha512-24tI04E6g3Z8vZy8mgWDrRGntyiPHIRoLM5D/5iFvKDdqut7Si6OGeL7odhSXXf5tyCOjJ/zZKLmFrmeJp8uzA==",
      "dev": true,
      "license": "MIT",
      "dependencies": {
        "wasm-media-encoders": "^0.7.0"
      },
      "engines": {
        "node": ">=18"
      },
      "funding": {
        "url": "https://github.com/sponsors/audiojs"
      }
    },
    "node_modules/@audio/encode-ogg": {
      "version": "1.2.2",
      "resolved": "https://registry.npmjs.org/@audio/encode-ogg/-/encode-ogg-1.2.2.tgz",
      "integrity": "sha512-yhJBrhzGzQ95HeyJGeCZNB+U9G4aNY8cazJh4Jqf3OyAwBpkpIPYqMJ4RioifurflZxm8YQd2Q4nmKTUzDWusg==",
      "dev": true,
      "license": "MIT",
      "dependencies": {
        "wasm-media-encoders": "^0.7.0"
      },
      "engines": {
        "node": ">=18"
      },
      "funding": {
        "url": "https://github.com/sponsors/audiojs"
      }
    },
    "node_modules/@audio/encode-opus": {
      "version": "1.3.0",
      "resolved": "https://registry.npmjs.org/@audio/encode-opus/-/encode-opus-1.3.0.tgz",
      "integrity": "sha512-Bh93rd4V9KMXBsjcss3VVUOOtXdw4/IHK3/I/U9H1EnMmgYqmNFfiVLl2Q3aNJdJu9n6/1PURVnKkqdmMEc8AA==",
      "dev": true,
      "license": "MIT",
      "engines": {
        "node": ">=18"
      },
      "funding": {
        "url": "https://github.com/sponsors/audiojs"
      }
    },
    "node_modules/@audio/encode-wav": {
      "version": "1.3.2",
      "resolved": "https://registry.npmjs.org/@audio/encode-wav/-/encode-wav-1.3.2.tgz",
      "integrity": "sha512-J/XSv2SNtlBTN4WKKMLpAB74wEFIQPOKNQ0MXaShwk9ah0Kh/AlBs7ijI3bc0LC9gjKFCaW49erw3KrMwDt1XQ==",
      "license": "MIT",
      "engines": {
        "node": ">=18"
      },
      "funding": {
        "url": "https://github.com/sponsors/audiojs"
      }
    },
    "node_modules/@audio/eq-fir": {
      "version": "1.0.1",
      "resolved": "https://registry.npmjs.org/@audio/eq-fir/-/eq-fir-1.0.1.tgz",
      "integrity": "sha512-yhUTLRMcyhqwC5DlYg3ZwslfQXGNUxQFWsEZUUXsO0CTxGy1fAGXDf44cQ3ad7Tk7ZhrZEk64tiSGAb+V1bPLQ==",
      "license": "MIT",
      "engines": {
        "node": ">=18"
      },
      "funding": {
        "url": "https://github.com/sponsors/audiojs"
      }
    },
    "node_modules/@audio/eq-parametric": {
      "version": "1.1.1",
      "resolved": "https://registry.npmjs.org/@audio/eq-parametric/-/eq-parametric-1.1.1.tgz",
      "integrity": "sha512-l+P16+WlkRwkTIzTqNJvrDWAJLTxf8sxWlmdarZtNnM2UOjTU2caqQrUKocm+q0WLpRQGv0aqoY1AovomJeGNA==",
      "license": "MIT",
      "dependencies": {
        "@audio/biquad": "^1.1.0"
      },
      "engines": {
        "node": ">=18"
      },
      "funding": {
        "url": "https://github.com/sponsors/audiojs"
      }
    },
    "node_modules/@audio/measure-align": {
      "resolved": "packages/measure-align",
      "link": true
    },
    "node_modules/@audio/measure-correct": {
      "resolved": "packages/measure-correct",
      "link": true
    },
    "node_modules/@audio/measure-ir": {
      "resolved": "packages/measure-ir",
      "link": true
    },
    "node_modules/@audio/measure-latency": {
      "resolved": "packages/measure-latency",
      "link": true
    },
    "node_modules/@audio/measure-lossy": {
      "resolved": "packages/measure-lossy",
      "link": true
    },
    "node_modules/@audio/measure-response": {
      "resolved": "packages/measure-response",
      "link": true
    },
    "node_modules/@audio/quality": {
      "resolved": "packages/quality",
      "link": true
    },
    "node_modules/@audio/resample-sinc": {
      "version": "1.1.2",
      "resolved": "https://registry.npmjs.org/@audio/resample-sinc/-/resample-sinc-1.1.2.tgz",
      "integrity": "sha512-AkV5082Bu8posQPmRFHAEYs7CJT9bH9IxtVzNozgN+7x7QY+1gl50GufqYn986aeMS5ewJvhdZx+DBTHrn8iow==",
      "dev": true,
      "license": "MIT",
      "engines": {
        "node": ">=18"
      },
      "funding": {
        "url": "https://github.com/sponsors/audiojs"
      }
    },
    "node_modules/@audio/spectral-ltas": {
      "version": "1.1.4",
      "resolved": "https://registry.npmjs.org/@audio/spectral-ltas/-/spectral-ltas-1.1.4.tgz",
      "integrity": "sha512-76RR8kWr+L9rRMQtX3zmg5Vmv1ncLDYhUx0kWGh1QfdpCAoPV5Pi/Hyap9v5XBAfNHvAjnkcx+Vkd4ZLf9MHSg==",
      "license": "MIT",
      "dependencies": {
        "fourier-transform": "^2.2.0"
      },
      "engines": {
        "node": ">=18"
      },
      "funding": {
        "url": "https://github.com/sponsors/audiojs"
      }
    },
    "node_modules/@audio/spectral-target": {
      "version": "1.0.1",
      "resolved": "https://registry.npmjs.org/@audio/spectral-target/-/spectral-target-1.0.1.tgz",
      "integrity": "sha512-gSE7zB29LjBNh/FdrfObovBHveEOB9CIZCHhveZbMjDlDdR/xWsRf6+DSwBC6SuhlNNI2EtAxqPLGixXwbR4oQ==",
      "license": "MIT",
      "engines": {
        "node": ">=18"
      },
      "funding": {
        "url": "https://github.com/sponsors/audiojs"
      }
    },
    "node_modules/@audio/synth-chirp": {
      "version": "1.1.2",
      "resolved": "https://registry.npmjs.org/@audio/synth-chirp/-/synth-chirp-1.1.2.tgz",
      "integrity": "sha512-VO5QGtbS25qa7QmGPKv17Okn97x1+AtdCa5BkDiw0ZrcYooxGob85DKGfQg3RXBmPEykJGA5JONpAOXIPBHI5w==",
      "dev": true,
      "license": "MIT",
      "engines": {
        "node": ">=18"
      }
    },
    "node_modules/@eshaz/web-worker": {
      "version": "1.2.2",
      "resolved": "https://registry.npmjs.org/@eshaz/web-worker/-/web-worker-1.2.2.tgz",
      "integrity": "sha512-WxXiHFmD9u/owrzempiDlBB1ZYqiLnm9s6aPc8AlFQalq2tKmqdmMr9GXOupDgzXtqnBipj8Un0gkIm7Sjf8mw==",
      "dev": true,
      "license": "Apache-2.0"
    },
    "node_modules/@swc/helpers": {
      "version": "0.5.23",
      "resolved": "https://registry.npmjs.org/@swc/helpers/-/helpers-0.5.23.tgz",
      "integrity": "sha512-5lSsMOTXURePglDfvuAQUqkGek9Hg2kksOYay2m0+XR++b2NWYL/4sWyuvVBIs8oKnJaxkdi9whaL/sqN13afw==",
      "dev": true,
      "license": "Apache-2.0",
      "dependencies": {
        "tslib": "^2.8.0"
      }
    },
    "node_modules/@thi.ng/bitstream": {
      "version": "2.4.55",
      "resolved": "https://registry.npmjs.org/@thi.ng/bitstream/-/bitstream-2.4.55.tgz",
      "integrity": "sha512-9Oj7k8SrPZ/T+ke7nivbNnoTm+fnICzz8jbgN/+JdpeohfplVW64rSiTqgbhzq8BakFa3yxeFjxeFlFZ+2gFYg==",
      "dev": true,
      "funding": [
        {
          "type": "github",
          "url": "https://github.com/sponsors/postspectacular"
        },
        {
          "type": "patreon",
          "url": "https://patreon.com/thing_umbrella"
        },
        {
          "type": "liberapay",
          "url": "https://liberapay.com/thi.ng"
        }
      ],
      "license": "Apache-2.0",
      "dependencies": {
        "@thi.ng/errors": "^2.6.17"
      },
      "engines": {
        "node": ">=18"
      }
    },
    "node_modules/@thi.ng/errors": {
      "version": "2.6.17",
      "resolved": "https://registry.npmjs.org/@thi.ng/errors/-/errors-2.6.17.tgz",
      "integrity": "sha512-momw7wo3EXes1wa6Smckr+l4BaJi/h+E67R3furYOBjQpciie1OgoTa43PXPb1POsuWxynkEF8OCnQgreE8twg==",
      "dev": true,
      "funding": [
        {
          "type": "github",
          "url": "https://github.com/sponsors/postspectacular"
        },
        {
          "type": "patreon",
          "url": "https://patreon.com/thing_umbrella"
        },
        {
          "type": "liberapay",
          "url": "https://liberapay.com/thi.ng"
        }
      ],
      "license": "Apache-2.0",
      "engines": {
        "node": ">=18"
      }
    },
    "node_modules/@wasm-audio-decoders/common": {
      "version": "9.0.7",
      "resolved": "https://registry.npmjs.org/@wasm-audio-decoders/common/-/common-9.0.7.tgz",
      "integrity": "sha512-WRaUuWSKV7pkttBygml/a6dIEpatq2nnZGFIoPTc5yPLkxL6Wk4YaslPM98OPQvWacvNZ+Py9xROGDtrFBDzag==",
      "dev": true,
      "license": "MIT",
      "dependencies": {
        "@eshaz/web-worker": "1.2.2",
        "simple-yenc": "^1.0.4"
      }
    },
    "node_modules/@wasm-audio-decoders/flac": {
      "version": "0.2.11",
      "resolved": "https://registry.npmjs.org/@wasm-audio-decoders/flac/-/flac-0.2.11.tgz",
      "integrity": "sha512-bbSGuDDxY89CrS7FYc2cBBfvtgk3EY9As8dVe8PFIgX7ECd/wefdi8UbGlvcdQZczRwE500KBt4cqf/+mMVsfw==",
      "dev": true,
      "license": "MIT",
      "dependencies": {
        "@wasm-audio-decoders/common": "9.0.7",
        "codec-parser": "2.5.0"
      },
      "funding": {
        "type": "individual",
        "url": "https://github.com/sponsors/eshaz"
      }
    },
    "node_modules/@wasm-audio-decoders/ogg-vorbis": {
      "version": "0.1.20",
      "resolved": "https://registry.npmjs.org/@wasm-audio-decoders/ogg-vorbis/-/ogg-vorbis-0.1.20.tgz",
      "integrity": "sha512-zaQPasU5usRjUDXtXOHYED5tfkR4QMXd+EH3Nrz1+4+M5pCsdD+s9YxJqb0oqnTyRu/KUujOmu5Z/m/NT47vwg==",
      "dev": true,
      "license": "MIT",
      "dependencies": {
        "@wasm-audio-decoders/common": "9.0.7",
        "codec-parser": "2.5.0"
      },
      "funding": {
        "type": "individual",
        "url": "https://github.com/sponsors/eshaz"
      }
    },
    "node_modules/audio-lena": {
      "version": "3.0.1",
      "resolved": "https://registry.npmjs.org/audio-lena/-/audio-lena-3.0.1.tgz",
      "integrity": "sha512-SLjToXZRebe2TsEwW49GSC4NhQwP5wV9ee/UHQjW9Z6ZfvGL0ofvQPiYxJ9HLBvLiryrDGclGNzmGtdXglTO6Q==",
      "dev": true,
      "license": "MIT",
      "funding": {
        "url": "https://github.com/sponsors/audiojs"
      }
    },
    "node_modules/audio-type": {
      "version": "2.6.0",
      "resolved": "https://registry.npmjs.org/audio-type/-/audio-type-2.6.0.tgz",
      "integrity": "sha512-1Cdm9U7dnDFXn7Sc46TLIgJnWY9PHrPMZgOnItb/uEaXNV9e/DZWqBaAjnK7cxSr7jzGiM30vsa96b7dYDaZYA==",
      "dev": true,
      "license": "MIT",
      "engines": {
        "node": ">=14"
      },
      "funding": {
        "url": "https://github.com/sponsors/audiojs"
      }
    },
    "node_modules/codec-parser": {
      "version": "2.5.0",
      "resolved": "https://registry.npmjs.org/codec-parser/-/codec-parser-2.5.0.tgz",
      "integrity": "sha512-Ru9t80fV8B0ZiixQl8xhMTLru+dzuis/KQld32/x5T/+3LwZb0/YvQdSKytX9JqCnRdiupvAvyYJINKrXieziQ==",
      "dev": true,
      "license": "LGPL-3.0-or-later"
    },
    "node_modules/fourier-transform": {
      "version": "2.4.1",
      "resolved": "https://registry.npmjs.org/fourier-transform/-/fourier-transform-2.4.1.tgz",
      "integrity": "sha512-NwMVCmCjVrKH1bu5BTQ9c2OQVpkddLPQiBcd74VJNpbQ7bnwBsQrodLMWgaT4ge+Su0w5Zc6Al0gtHy5lYYIJA==",
      "license": "MIT",
      "funding": {
        "url": "https://github.com/sponsors/audiojs"
      }
    },
    "node_modules/mpg123-decoder": {
      "version": "1.0.3",
      "resolved": "https://registry.npmjs.org/mpg123-decoder/-/mpg123-decoder-1.0.3.tgz",
      "integrity": "sha512-+fjxnWigodWJm3+4pndi+KUg9TBojgn31DPk85zEsim7C6s0X5Ztc/hQYdytXkwuGXH+aB0/aEkG40Emukv6oQ==",
      "dev": true,
      "license": "MIT",
      "dependencies": {
        "@wasm-audio-decoders/common": "9.0.7"
      },
      "funding": {
        "type": "individual",
        "url": "https://github.com/sponsors/eshaz"
      }
    },
    "node_modules/qoa-format": {
      "version": "1.0.1",
      "resolved": "https://registry.npmjs.org/qoa-format/-/qoa-format-1.0.1.tgz",
      "integrity": "sha512-dMB0Z6XQjdpz/Cw4Rf6RiBpQvUSPCfYlQMWvmuWlWkAT7nDQD29cVZ1SwDUB6DYJSitHENwbt90lqfI+7bvMcw==",
      "dev": true,
      "license": "MIT",
      "dependencies": {
        "@thi.ng/bitstream": "^2.2.12"
      }
    },
    "node_modules/simple-yenc": {
      "version": "1.0.4",
      "resolved": "https://registry.npmjs.org/simple-yenc/-/simple-yenc-1.0.4.tgz",
      "integrity": "sha512-5gvxpSd79e9a3V4QDYUqnqxeD4HGlhCakVpb6gMnDD7lexJggSBJRBO5h52y/iJrdXRilX9UCuDaIJhSWm5OWw==",
      "dev": true,
      "license": "MIT",
      "funding": {
        "type": "individual",
        "url": "https://github.com/sponsors/eshaz"
      }
    },
    "node_modules/tslib": {
      "version": "2.8.1",
      "resolved": "https://registry.npmjs.org/tslib/-/tslib-2.8.1.tgz",
      "integrity": "sha512-oJFu94HQb+KVduSUQL7wnpmqnfmLsOA/nAh6b6EH0wCEoK0/mPeXU6c3wKDV83MkOuHPRHtSXKKU99IBazS/2w==",
      "dev": true,
      "license": "0BSD"
    },
    "node_modules/tst": {
      "version": "9.4.0",
      "resolved": "https://registry.npmjs.org/tst/-/tst-9.4.0.tgz",
      "integrity": "sha512-LFC1yasMqhvL9hBJdA07nozlfS1RGy/7uiBCwRZcQH9zB4+n7XpxwYszzK//WQ2JVOLAUgU3d8ABEcrFLZE0vg==",
      "dev": true,
      "license": "MIT"
    },
    "node_modules/wasm-media-encoders": {
      "version": "0.7.0",
      "resolved": "https://registry.npmjs.org/wasm-media-encoders/-/wasm-media-encoders-0.7.0.tgz",
      "integrity": "sha512-Sp4wUasgxOK/IFfNhpon6LQQgYGwtpxyV4isjGIe1rvhnJL3w2KYr4f+CdqDNtGPDcgCDRY+uBanVfSx6Si0WQ==",
      "dev": true,
      "license": "MIT",
      "dependencies": {
        "@swc/helpers": "^0.5.10"
      },
      "engines": {
        "node": ">= 10"
      }
    },
    "packages/measure-align": {
      "name": "@audio/measure-align",
      "version": "1.0.1",
      "license": "MIT",
      "dependencies": {
        "@audio/measure-ir": "^1.0.0"
      },
      "engines": {
        "node": ">=18"
      },
      "funding": {
        "url": "https://github.com/sponsors/audiojs"
      }
    },
    "packages/measure-correct": {
      "name": "@audio/measure-correct",
      "version": "0.1.0",
      "license": "MIT",
      "dependencies": {
        "@audio/encode-wav": "^1.0.0",
        "@audio/eq-fir": "^1.0.0",
        "@audio/eq-parametric": "^1.0.0",
        "@audio/measure-response": "^1.0.0",
        "@audio/spectral-target": "^1.0.0",
        "fourier-transform": "^2.2.0"
      },
      "devDependencies": {
        "@audio/biquad": "^1.0.0",
        "@audio/decode-wav": "^1.0.0",
        "tst": "^9.4.0"
      },
      "engines": {
        "node": ">=18"
      },
      "funding": {
        "url": "https://github.com/sponsors/audiojs"
      },
      "optionalDependencies": {
        "@audio/eq-fit": "^0.1.0"
      }
    },
    "packages/measure-correct/node_modules/@audio/eq-fit": {
      "optional": true
    },
    "packages/measure-ir": {
      "name": "@audio/measure-ir",
      "version": "1.0.1",
      "license": "MIT",
      "dependencies": {
        "fourier-transform": "^2.2.0"
      },
      "engines": {
        "node": ">=18"
      },
      "funding": {
        "url": "https://github.com/sponsors/audiojs"
      }
    },
    "packages/measure-latency": {
      "name": "@audio/measure-latency",
      "version": "1.0.1",
      "license": "MIT",
      "dependencies": {
        "@audio/measure-ir": "^1.0.0"
      },
      "engines": {
        "node": ">=18"
      },
      "funding": {
        "url": "https://github.com/sponsors/audiojs"
      }
    },
    "packages/measure-lossy": {
      "name": "@audio/measure-lossy",
      "version": "0.1.0",
      "license": "MIT",
      "dependencies": {
        "@audio/spectral-ltas": "^1.1.4",
        "fourier-transform": "^2.4.1"
      },
      "devDependencies": {
        "@audio/decode": "^3.14.1",
        "@audio/encode-mp3": "^1.2.2",
        "@audio/encode-ogg": "^1.2.2",
        "@audio/encode-opus": "^1.3.0",
        "@audio/resample-sinc": "^1.1.2",
        "audio-lena": "^3.0.1",
        "tst": "^9.4.0"
      },
      "engines": {
        "node": ">=18"
      },
      "funding": {
        "url": "https://github.com/sponsors/audiojs"
      }
    },
    "packages/measure-response": {
      "name": "@audio/measure-response",
      "version": "1.0.1",
      "license": "MIT",
      "dependencies": {
        "fourier-transform": "^2.2.0"
      },
      "engines": {
        "node": ">=18"
      },
      "funding": {
        "url": "https://github.com/sponsors/audiojs"
      }
    },
    "packages/quality": {
      "name": "@audio/quality",
      "version": "1.0.1",
      "license": "MIT",
      "dependencies": {
        "fourier-transform": "^2.2.0"
      },
      "engines": {
        "node": ">=18"
      },
      "funding": {
        "url": "https://github.com/sponsors/audiojs"
      }
    }
  }
}
